{
  "name": "enableLibrary",
  "lockfileVersion": 2,
  "requires": true,
  "packages": {
    "": {
      "dependencies": {
        "@sanjo/exec": "file:libs/unnamed/packages/exec"
      }
    },
    "libs/unnamed/packages/exec": {
      "version": "1.2.0",
      "license": "Unlicense"
    },
    "node_modules/@sanjo/exec": {
      "resolved": "libs/unnamed/packages/exec",
      "link": true
    }
  },
  "dependencies": {
    "@sanjo/exec": {
      "version": "file:libs/unnamed/packages/exec"
    }
  }
}
